{
  "R": {
    "Version": "4.3.1",
    "Repositories": [
      {
        "Name": "CRAN",
        "URL": "https://cran.rstudio.com"
      },
      {
        "Name": "Bioconductor",
        "URL": "https://bioconductor.org/packages/3.18/bioc"
      }
    ]
  },
  "Packages": {
    "targets": {
      "Package": "targets",
      "Version": "1.2.0",
      "Source": "Repository",
      "Repository": "CRAN",
      "Hash": ""
    },
    "dada2": {
      "Package": "dada2",
      "Version": "1.28.0",
      "Source": "Bioconductor",
      "Hash": ""
    },
    "ShortRead": {
      "Package": "ShortRead",
      "Version": "1.58.0",
      "Source": "Bioconductor",
      "Hash": ""
    },
    "decontam": {
      "Package": "decontam",
      "Version": "1.20.0",
      "Source": "Bioconductor",
      "Hash": ""
    },
    "phyloseq": {
      "Package": "phyloseq",
      "Version": "1.44.0",
      "Source": "Bioconductor",
      "Hash": ""
    },
    "vegan": {
      "Package": "vegan",
      "Version": "2.6-4",
      "Source": "Repository",
      "Repository": "CRAN",
      "Hash": ""
    },
    "ANCOMBC": {
      "Package": "ANCOMBC",
      "Version": "2.2.0",
      "Source": "Bioconductor",
      "Hash": ""
    },
    "Maaslin2": {
      "Package": "Maaslin2",
      "Version": "1.12.0",
      "Source": "Bioconductor",
      "Hash": ""
    },
    "microbiome": {
      "Package": "microbiome",
      "Version": "1.22.0",
      "Source": "Bioconductor",
      "Hash": ""
    },
    "biomformat": {
      "Package": "biomformat",
      "Version": "1.30.0",
      "Source": "Bioconductor",
      "Hash": ""
    },
    "ggplot2": {
      "Package": "ggplot2",
      "Version": "3.4.4",
      "Source": "Repository",
      "Repository": "CRAN",
      "Hash": ""
    },
    "dplyr": {
      "Package": "dplyr",
      "Version": "1.1.4",
      "Source": "Repository",
      "Repository": "CRAN",
      "Hash": ""
    },
    "tidyr": {
      "Package": "tidyr",
      "Version": "1.3.0",
      "Source": "Repository",
      "Repository": "CRAN",
      "Hash": ""
    },
    "tibble": {
      "Package": "tibble",
      "Version": "3.2.1",
      "Source": "Repository",
      "Repository": "CRAN",
      "Hash": ""
    },
    "readr": {
      "Package": "readr",
      "Version": "2.1.4",
      "Source": "Repository",
      "Repository": "CRAN",
      "Hash": ""
    },
    "purrr": {
      "Package": "purrr",
      "Version": "1.0.2",
      "Source": "Repository",
      "Repository": "CRAN",
      "Hash": ""
    },
    "stringr": {
      "Package": "stringr",
      "Version": "1.5.1",
      "Source": "Repository",
      "Repository": "CRAN",
      "Hash": ""
    },
    "broom": {
      "Package": "broom",
      "Version": "1.0.5",
      "Source": "Repository",
      "Repository": "CRAN",
      "Hash": ""
    },
    "rlang": {
      "Package": "rlang",
      "Version": "1.1.2",
      "Source": "Repository",
      "Repository": "CRAN",
      "Hash": ""
    },
    "Biostrings": {
      "Package": "Biostrings",
      "Version": "2.70.1",
      "Source": "Bioconductor",
      "Hash": ""
    },
    "DECIPHER": {
      "Package": "DECIPHER",
      "Version": "2.30.0",
      "Source": "Bioconductor",
      "Hash": ""
    },
    "phangorn": {
      "Package": "phangorn",
      "Version": "2.11.1",
      "Source": "Repository",
      "Repository": "CRAN",
      "Hash": ""
    }
  }
}